{
    "_readme": [
        "This file locks the dependencies of your project to a known state",
        "Read more about it at https://getcomposer.org/doc/01-basic-usage.md#installing-dependencies",
        "This file is @generated automatically"
    ],
    "content-hash": "63696017e2e942515a91d05074e31924",
    "packages": [
        {
            "name": "composer/installers",
            "version": "v1.7.0",
            "source": {
                "type": "git",
                "url": "https://github.com/composer/installers.git",
                "reference": "141b272484481432cda342727a427dc1e206bfa0"
            },
            "dist": {
                "type": "zip",
                "url": "https://api.github.com/repos/composer/installers/zipball/141b272484481432cda342727a427dc1e206bfa0",
                "reference": "141b272484481432cda342727a427dc1e206bfa0",
                "shasum": ""
            },
            "require": {
                "composer-plugin-api": "^1.0"
            },
            "replace": {
                "roundcube/plugin-installer": "*",
                "shama/baton": "*"
            },
            "require-dev": {
                "composer/composer": "1.0.*@dev",
                "phpunit/phpunit": "^4.8.36"
            },
            "type": "composer-plugin",
            "extra": {
                "class": "Composer\\Installers\\Plugin",
                "branch-alias": {
                    "dev-master": "1.0-dev"
                }
            },
            "autoload": {
                "psr-4": {
                    "Composer\\Installers\\": "src/Composer/Installers"
                }
            },
            "notification-url": "https://packagist.org/downloads/",
            "license": [
                "MIT"
            ],
            "authors": [
                {
                    "name": "Kyle Robinson Young",
                    "email": "kyle@dontkry.com",
                    "homepage": "https://github.com/shama"
                }
            ],
            "description": "A multi-framework Composer library installer",
            "homepage": "https://composer.github.io/installers/",
            "keywords": [
                "Craft",
                "Dolibarr",
                "Eliasis",
                "Hurad",
                "ImageCMS",
                "Kanboard",
                "Lan Management System",
                "MODX Evo",
                "Mautic",
                "Maya",
                "OXID",
                "Plentymarkets",
                "Porto",
                "RadPHP",
                "SMF",
                "Thelia",
                "Whmcs",
                "WolfCMS",
                "agl",
                "aimeos",
                "annotatecms",
                "attogram",
                "bitrix",
                "cakephp",
                "chef",
                "cockpit",
                "codeigniter",
                "concrete5",
                "croogo",
                "dokuwiki",
                "drupal",
                "eZ Platform",
                "elgg",
                "expressionengine",
                "fuelphp",
                "grav",
                "installer",
                "itop",
                "joomla",
                "known",
                "kohana",
                "laravel",
                "lavalite",
                "lithium",
                "magento",
                "majima",
                "mako",
                "mediawiki",
                "modulework",
                "modx",
                "moodle",
                "osclass",
                "phpbb",
                "piwik",
                "ppi",
                "puppet",
                "pxcms",
                "reindex",
                "roundcube",
                "shopware",
                "silverstripe",
                "sydes",
                "symfony",
                "typo3",
                "wordpress",
                "yawik",
                "zend",
                "zikula"
            ],
            "time": "2019-08-12T15:00:31+00:00"
        },
        {
            "name": "innocode-digital/wp-normalize",
            "version": "dev-master",
            "source": {
                "type": "git",
                "url": "https://github.com/innocode-digital/wp-normalize.git",
                "reference": "78b3c157b04665fdcbd68f1eb6c995ef536e392b"
            },
            "dist": {
                "type": "zip",
                "url": "https://api.github.com/repos/innocode-digital/wp-normalize/zipball/78b3c157b04665fdcbd68f1eb6c995ef536e392b",
                "reference": "78b3c157b04665fdcbd68f1eb6c995ef536e392b",
                "shasum": ""
            },
            "type": "library",
            "autoload": {
                "files": [
                    "src/normalize.php"
                ]
            },
            "license": [
                "MIT"
            ],
            "description": "Library for disabling probably unnecessary WordPress features.",
            "support": {
                "source": "https://github.com/innocode-digital/wp-normalize/tree/master",
                "issues": "https://github.com/innocode-digital/wp-normalize/issues"
            },
            "time": "2019-08-16T09:20:15+00:00"
        },
        {
            "name": "innocode-digital/wp-theme-assets",
            "version": "dev-master",
            "source": {
                "type": "git",
                "url": "https://github.com/innocode-digital/wp-theme-assets.git",
                "reference": "a9b0ac721a8bd965ab895e462fb4755556fea752"
            },
            "dist": {
                "type": "zip",
                "url": "https://api.github.com/repos/innocode-digital/wp-theme-assets/zipball/a9b0ac721a8bd965ab895e462fb4755556fea752",
                "reference": "a9b0ac721a8bd965ab895e462fb4755556fea752",
                "shasum": ""
            },
            "type": "library",
            "autoload": {
                "psr-4": {
                    "Innocode\\WPThemeAssets\\": "src/"
                }
            },
            "license": [
                "MIT"
            ],
            "description": "Library for WordPress theme assets files.",
            "support": {
                "source": "https://github.com/innocode-digital/wp-theme-assets/tree/master",
                "issues": "https://github.com/innocode-digital/wp-theme-assets/issues"
            },
            "time": "2019-06-10T12:55:54+00:00"
        },
        {
            "name": "innocode-digital/wp-theme-module",
            "version": "1.0.0",
            "dist": {
                "type": "path",
                "url": "/Users/viktor/Documents/Development/PHP/wp-theme-module",
                "reference": "f31cedcde4d2c377ed345cff3f2535b5dea1ed75"
            },
            "require": {
                "php": ">=7.0"
            },
            "type": "library",
            "autoload": {
                "psr-4": {
                    "Innocode\\WPThemeModule\\": "src/"
                }
            },
            "license": [
                "MIT"
            ],
            "description": "Library for WordPress theme modularization."
        },
        {
            "name": "meta-box/mb-revision",
            "version": "master",
            "dist": {
                "type": "zip",
                "url": "https://metabox.io/?action=download&product=mb-revision&api_key=33c17f3f0a8f6ebbdd359f1901ba46d5"
            },
            "require": {
                "composer/installers": "~1.0"
            },
            "type": "wordpress-plugin"
        },
        {
            "name": "symfony/polyfill-ctype",
            "version": "v1.12.0",
            "source": {
                "type": "git",
                "url": "https://github.com/symfony/polyfill-ctype.git",
                "reference": "550ebaac289296ce228a706d0867afc34687e3f4"
            },
            "dist": {
                "type": "zip",
                "url": "https://api.github.com/repos/symfony/polyfill-ctype/zipball/550ebaac289296ce228a706d0867afc34687e3f4",
                "reference": "550ebaac289296ce228a706d0867afc34687e3f4",
                "shasum": ""
            },
            "require": {
                "php": ">=5.3.3"
            },
            "suggest": {
                "ext-ctype": "For best performance"
            },
            "type": "library",
            "extra": {
                "branch-alias": {
                    "dev-master": "1.12-dev"
                }
            },
            "autoload": {
                "psr-4": {
                    "Symfony\\Polyfill\\Ctype\\": ""
                },
                "files": [
                    "bootstrap.php"
                ]
            },
            "notification-url": "https://packagist.org/downloads/",
            "license": [
                "MIT"
            ],
            "authors": [
                {
                    "name": "Gert de Pagter",
                    "email": "BackEndTea@gmail.com"
                },
                {
                    "name": "Symfony Community",
                    "homepage": "https://symfony.com/contributors"
                }
            ],
            "description": "Symfony polyfill for ctype functions",
            "homepage": "https://symfony.com",
            "keywords": [
                "compatibility",
                "ctype",
                "polyfill",
                "portable"
            ],
            "time": "2019-08-06T08:03:45+00:00"
        },
        {
            "name": "vlucas/phpdotenv",
            "version": "v2.6.1",
            "source": {
                "type": "git",
                "url": "https://github.com/vlucas/phpdotenv.git",
                "reference": "2a7dcf7e3e02dc5e701004e51a6f304b713107d5"
            },
            "dist": {
                "type": "zip",
                "url": "https://api.github.com/repos/vlucas/phpdotenv/zipball/2a7dcf7e3e02dc5e701004e51a6f304b713107d5",
                "reference": "2a7dcf7e3e02dc5e701004e51a6f304b713107d5",
                "shasum": ""
            },
            "require": {
                "php": ">=5.3.9",
                "symfony/polyfill-ctype": "^1.9"
            },
            "require-dev": {
                "phpunit/phpunit": "^4.8.35 || ^5.0"
            },
            "type": "library",
            "extra": {
                "branch-alias": {
                    "dev-master": "2.6-dev"
                }
            },
            "autoload": {
                "psr-4": {
                    "Dotenv\\": "src/"
                }
            },
            "notification-url": "https://packagist.org/downloads/",
            "license": [
                "BSD-3-Clause"
            ],
            "authors": [
                {
                    "name": "Vance Lucas",
                    "email": "vance@vancelucas.com",
                    "homepage": "http://www.vancelucas.com"
                }
            ],
            "description": "Loads environment variables from `.env` to `getenv()`, `$_ENV` and `$_SERVER` automagically.",
            "keywords": [
                "dotenv",
                "env",
                "environment"
            ],
            "time": "2019-01-29T11:11:52+00:00"
        },
        {
            "name": "wpackagist-plugin/disable-comments",
            "version": "1.10.2",
            "source": {
                "type": "svn",
                "url": "https://plugins.svn.wordpress.org/disable-comments/",
                "reference": "trunk"
            },
            "dist": {
                "type": "zip",
                "url": "https://downloads.wordpress.org/plugin/disable-comments.zip?timestamp=1563798431"
            },
            "require": {
                "composer/installers": "~1.0"
            },
            "type": "wordpress-plugin",
            "homepage": "https://wordpress.org/plugins/disable-comments/"
        },
        {
            "name": "wpmetabox/meta-box",
            "version": "4.18.4",
            "source": {
                "type": "git",
                "url": "https://github.com/wpmetabox/meta-box.git",
                "reference": "d299ea6d2dcfb55b05201fd1ac10e4cc1a6e839a"
            },
            "dist": {
                "type": "zip",
                "url": "https://api.github.com/repos/wpmetabox/meta-box/zipball/d299ea6d2dcfb55b05201fd1ac10e4cc1a6e839a",
                "reference": "d299ea6d2dcfb55b05201fd1ac10e4cc1a6e839a",
                "shasum": ""
            },
            "type": "library",
            "autoload": {
                "files": [
                    "meta-box.php"
                ]
            },
            "notification-url": "https://packagist.org/downloads/",
            "license": [
                "GPL-2.0"
            ],
            "authors": [
                {
                    "name": "Tran Ngoc Tuan Anh",
                    "role": "Developer",
                    "email": "anhtnt@elightup.com",
                    "homepage": "https://deluxeblogtips.com"
                }
            ],
            "description": "A powerful, professional developer toolkit to create custom meta boxes and custom fields for WordPress websites.",
            "homepage": "https://metabox.io",
            "keywords": [
                "custom-field",
                "meta-box",
                "select2",
                "ui",
                "wordpress",
                "wordpress-plugin",
                "wp-admin"
            ],
            "time": "2019-07-06T01:57:45+00:00"
        }
    ],
    "packages-dev": [],
    "aliases": [],
    "minimum-stability": "stable",
    "stability-flags": {
        "meta-box/mb-revision": 20,
        "innocode-digital/wp-normalize": 20,
        "innocode-digital/wp-theme-assets": 20
    },
    "prefer-stable": false,
    "prefer-lowest": false,
    "platform": [],
    "platform-dev": []
}
